// !$*UTF8*$!
{
	archiveVersion = 1;
	classes = {
	};
	objectVersion = 45;
	objects = {

/* Begin PBXBuildFile section */
		1D3623260D0F684500981E51 /* Autovelox2ProAppDelegate.m in Sources */ = {isa = PBXBuildFile; fileRef = 1D3623250D0F684500981E51 /* Autovelox2ProAppDelegate.m */; };
		1D60589B0D05DD56006BFB54 /* main.m in Sources */ = {isa = PBXBuildFile; fileRef = 29B97316FDCFA39411CA2CEA /* main.m */; };
		1D60589F0D05DD5A006BFB54 /* Foundation.framework in Frameworks */ = {isa = PBXBuildFile; fileRef = 1D30AB110D05D00D00671497 /* Foundation.framework */; };
		1DF5F4E00D08C38300B7A737 /* UIKit.framework in Frameworks */ = {isa = PBXBuildFile; fileRef = 1DF5F4DF0D08C38300B7A737 /* UIKit.framework */; };
		2009C5B010482EB00086E4FA /* icon2.png in Resources */ = {isa = PBXBuildFile; fileRef = 2009C5AF10482EB00086E4FA /* icon2.png */; };
		204613691056C09100C1A5F4 /* ControlledTutor.m in Sources */ = {isa = PBXBuildFile; fileRef = 204613681056C09100C1A5F4 /* ControlledTutor.m */; };
		204A8DDB104F1814008A56DB /* cameraTutor.png in Resources */ = {isa = PBXBuildFile; fileRef = 204A8DDA104F1814008A56DB /* cameraTutor.png */; };
		2058867F102480E400B69A7A /* slideDown.png in Resources */ = {isa = PBXBuildFile; fileRef = 2058867D102480E400B69A7A /* slideDown.png */; };
		20588680102480E400B69A7A /* slideUp.png in Resources */ = {isa = PBXBuildFile; fileRef = 2058867E102480E400B69A7A /* slideUp.png */; };
		20692C0D10429CD700F939D1 /* mirinoUnpressedsmall.png in Resources */ = {isa = PBXBuildFile; fileRef = 20692C0C10429CD700F939D1 /* mirinoUnpressedsmall.png */; };
		20692C5010430F5600F939D1 /* GpsAnnotation.m in Sources */ = {isa = PBXBuildFile; fileRef = 20692C4F10430F5600F939D1 /* GpsAnnotation.m */; };
		20692CD21043182E00F939D1 /* CarSmall.png in Resources */ = {isa = PBXBuildFile; fileRef = 20692CD11043182E00F939D1 /* CarSmall.png */; };
		20692D031043229100F939D1 /* NaviCLLManager.m in Sources */ = {isa = PBXBuildFile; fileRef = 20692D021043229100F939D1 /* NaviCLLManager.m */; };
		206D57FE10266B73000D4AB3 /* autoVeloxMobile40.png in Resources */ = {isa = PBXBuildFile; fileRef = 206D57FD10266B73000D4AB3 /* autoVeloxMobile40.png */; };
		206D580010266B7B000D4AB3 /* autoVeloxFisso40.png in Resources */ = {isa = PBXBuildFile; fileRef = 206D57FF10266B7B000D4AB3 /* autoVeloxFisso40.png */; };
		20753FD91049E93300F00662 /* Sicve_Inizio.csv in Resources */ = {isa = PBXBuildFile; fileRef = 20753FD81049E93300F00662 /* Sicve_Inizio.csv */; };
		20753FDB1049E94B00F00662 /* Sicve_Fine.csv in Resources */ = {isa = PBXBuildFile; fileRef = 20753FDA1049E94B00F00662 /* Sicve_Fine.csv */; };
		20754078104A010500F00662 /* tutorFineSmall.png in Resources */ = {isa = PBXBuildFile; fileRef = 20754077104A010500F00662 /* tutorFineSmall.png */; };
		20ADED671020E703007622BD /* ControlledAutovelox.m in Sources */ = {isa = PBXBuildFile; fileRef = 20ADED661020E703007622BD /* ControlledAutovelox.m */; };
		20B8F1451026764200FA4ED8 /* back.png in Resources */ = {isa = PBXBuildFile; fileRef = 20B8F1441026764200FA4ED8 /* back.png */; };
		20C3BB2E101CA40400D0971E /* CoreLocation.framework in Frameworks */ = {isa = PBXBuildFile; fileRef = 20C3BB2D101CA40400D0971E /* CoreLocation.framework */; };
		20C3BB7B101CAFB900D0971E /* AutoVeloxViewController.m in Sources */ = {isa = PBXBuildFile; fileRef = 20C3BB76101CAFB900D0971E /* AutoVeloxViewController.m */; };
		20C3BB7C101CAFB900D0971E /* BottomBarController.m in Sources */ = {isa = PBXBuildFile; fileRef = 20C3BB78101CAFB900D0971E /* BottomBarController.m */; };
		20C3BB7D101CAFB900D0971E /* SetupTableViewController.m in Sources */ = {isa = PBXBuildFile; fileRef = 20C3BB7A101CAFB900D0971E /* SetupTableViewController.m */; };
		20D81B6B101C4F5700FD75A7 /* Annotation.m in Sources */ = {isa = PBXBuildFile; fileRef = 20D81B6A101C4F5700FD75A7 /* Annotation.m */; };
		20D81B6D101C4F8800FD75A7 /* MapKit.framework in Frameworks */ = {isa = PBXBuildFile; fileRef = 20D81B6C101C4F8800FD75A7 /* MapKit.framework */; };
		20D81B7B101C506D00FD75A7 /* parseCSV.m in Sources */ = {isa = PBXBuildFile; fileRef = 20D81B78101C506D00FD75A7 /* parseCSV.m */; };
		20D81B7C101C506D00FD75A7 /* AutoVeloxProViewController.m in Sources */ = {isa = PBXBuildFile; fileRef = 20D81B7A101C506D00FD75A7 /* AutoVeloxProViewController.m */; };
		20D81B7F101C50E800FD75A7 /* AutoveloxFissi.csv in Resources */ = {isa = PBXBuildFile; fileRef = 20D81B7D101C50E800FD75A7 /* AutoveloxFissi.csv */; };
		20D81B80101C50E800FD75A7 /* AutoveloxMobili.csv in Resources */ = {isa = PBXBuildFile; fileRef = 20D81B7E101C50E800FD75A7 /* AutoveloxMobili.csv */; };
		20F1222E1067AC34000BE2A8 /* Ecopass.csv in Resources */ = {isa = PBXBuildFile; fileRef = 20F1222D1067AC34000BE2A8 /* Ecopass.csv */; };
		288765A50DF7441C002DB57D /* CoreGraphics.framework in Frameworks */ = {isa = PBXBuildFile; fileRef = 288765A40DF7441C002DB57D /* CoreGraphics.framework */; };
		28C3AD8A0F43EF2300507BA6 /* Autovelox2Pro.xcdatamodel in Sources */ = {isa = PBXBuildFile; fileRef = 28C3AD890F43EF2300507BA6 /* Autovelox2Pro.xcdatamodel */; };
		28D801B40F44B63D00FB423F /* CoreData.framework in Frameworks */ = {isa = PBXBuildFile; fileRef = 28D801B30F44B63D00FB423F /* CoreData.framework */; };
		3D2F14D9104193CD00C75FDF /* divieto.png in Resources */ = {isa = PBXBuildFile; fileRef = 3D2F14D8104193CD00C75FDF /* divieto.png */; };
		3D2F15631041A08000C75FDF /* NormalDetailsView.m in Sources */ = {isa = PBXBuildFile; fileRef = 3D2F15621041A08000C75FDF /* NormalDetailsView.m */; };
		3D2F161D104296C200C75FDF /* TutorAlertDetailsView.m in Sources */ = {isa = PBXBuildFile; fileRef = 3D2F161C104296C200C75FDF /* TutorAlertDetailsView.m */; };
		3D2F162010429BF800C75FDF /* AlertView.m in Sources */ = {isa = PBXBuildFile; fileRef = 3D2F161F10429BF800C75FDF /* AlertView.m */; };
		3D2F16BC1042E6E100C75FDF /* arrow.png in Resources */ = {isa = PBXBuildFile; fileRef = 3D2F16BB1042E6E100C75FDF /* arrow.png */; };
		3D2F16CC1042F22E00C75FDF /* gps_red.png in Resources */ = {isa = PBXBuildFile; fileRef = 3D2F16C91042F22E00C75FDF /* gps_red.png */; };
		3D2F16CD1042F22E00C75FDF /* gps_green.png in Resources */ = {isa = PBXBuildFile; fileRef = 3D2F16CA1042F22E00C75FDF /* gps_green.png */; };
		3D2F16CE1042F22E00C75FDF /* gps_yellow.png in Resources */ = {isa = PBXBuildFile; fileRef = 3D2F16CB1042F22E00C75FDF /* gps_yellow.png */; };
		3D3AC27F10483B9D00C99273 /* LoadDataView.m in Sources */ = {isa = PBXBuildFile; fileRef = 3D3AC27E10483B9D00C99273 /* LoadDataView.m */; };
		3D3AC35A104876F700C99273 /* LoadDataViewController.m in Sources */ = {isa = PBXBuildFile; fileRef = 3D3AC359104876F700C99273 /* LoadDataViewController.m */; };
		3D3AC4A81048917600C99273 /* RootViewController.m in Sources */ = {isa = PBXBuildFile; fileRef = 3D3AC4A71048917600C99273 /* RootViewController.m */; };
		3D3AC7241048A55E00C99273 /* MainWindow.xib in Resources */ = {isa = PBXBuildFile; fileRef = 3D3AC7231048A55E00C99273 /* MainWindow.xib */; };
		3D954B29104BF67100A57A15 /* SoundAlert.m in Sources */ = {isa = PBXBuildFile; fileRef = 3D954B28104BF67100A57A15 /* SoundAlert.m */; };
		3D954B6E104BF90800A57A15 /* AudioToolbox.framework in Frameworks */ = {isa = PBXBuildFile; fileRef = 3D954B6D104BF90800A57A15 /* AudioToolbox.framework */; };
		3D954BA1104D621900A57A15 /* AVFoundation.framework in Frameworks */ = {isa = PBXBuildFile; fileRef = 3D954BA0104D621900A57A15 /* AVFoundation.framework */; };
		3D954C06104D6C2000A57A15 /* alarm_1.mp3 in Resources */ = {isa = PBXBuildFile; fileRef = 3D954C05104D6C2000A57A15 /* alarm_1.mp3 */; };
		3DB4BA6E10499C98001141F8 /* HomeScreenItaly.png in Resources */ = {isa = PBXBuildFile; fileRef = 3DB4BA6D10499C98001141F8 /* HomeScreenItaly.png */; };
		3DB4BA9F10499F5A001141F8 /* CarSmallLeft.png in Resources */ = {isa = PBXBuildFile; fileRef = 3DB4BA9E10499F5A001141F8 /* CarSmallLeft.png */; };
		3DB534BE10569DB9007A97CC /* tutorInizioSmall.png in Resources */ = {isa = PBXBuildFile; fileRef = 3DB534BD10569DB9007A97CC /* tutorInizioSmall.png */; };
/* End PBXBuildFile section */

/* Begin PBXFileReference section */
		1D30AB110D05D00D00671497 /* Foundation.framework */ = {isa = PBXFileReference; lastKnownFileType = wrapper.framework; name = Foundation.framework; path = System/Library/Frameworks/Foundation.framework; sourceTree = SDKROOT; };
		1D3623240D0F684500981E51 /* Autovelox2ProAppDelegate.h */ = {isa = PBXFileReference; fileEncoding = 4; lastKnownFileType = sourcecode.c.h; path = Autovelox2ProAppDelegate.h; sourceTree = "<group>"; };
		1D3623250D0F684500981E51 /* Autovelox2ProAppDelegate.m */ = {isa = PBXFileReference; fileEncoding = 4; lastKnownFileType = sourcecode.c.objc; path = Autovelox2ProAppDelegate.m; sourceTree = "<group>"; };
		1D6058910D05DD3D006BFB54 /* Autovelox2Pro.app */ = {isa = PBXFileReference; explicitFileType = wrapper.application; includeInIndex = 0; path = Autovelox2Pro.app; sourceTree = BUILT_PRODUCTS_DIR; };
		1DF5F4DF0D08C38300B7A737 /* UIKit.framework */ = {isa = PBXFileReference; lastKnownFileType = wrapper.framework; name = UIKit.framework; path = System/Library/Frameworks/UIKit.framework; sourceTree = SDKROOT; };
		2009C5AF10482EB00086E4FA /* icon2.png */ = {isa = PBXFileReference; lastKnownFileType = image.png; path = icon2.png; sourceTree = "<group>"; };
		204613671056C09100C1A5F4 /* ControlledTutor.h */ = {isa = PBXFileReference; fileEncoding = 4; lastKnownFileType = sourcecode.c.h; path = ControlledTutor.h; sourceTree = "<group>"; };
		204613681056C09100C1A5F4 /* ControlledTutor.m */ = {isa = PBXFileReference; fileEncoding = 4; lastKnownFileType = sourcecode.c.objc; path = ControlledTutor.m; sourceTree = "<group>"; };
		204A8DDA104F1814008A56DB /* cameraTutor.png */ = {isa = PBXFileReference; lastKnownFileType = image.png; path = cameraTutor.png; sourceTree = "<group>"; };
		2058867D102480E400B69A7A /* slideDown.png */ = {isa = PBXFileReference; lastKnownFileType = image.png; path = slideDown.png; sourceTree = "<group>"; };
		2058867E102480E400B69A7A /* slideUp.png */ = {isa = PBXFileReference; lastKnownFileType = image.png; path = slideUp.png; sourceTree = "<group>"; };
		20692C0C10429CD700F939D1 /* mirinoUnpressedsmall.png */ = {isa = PBXFileReference; lastKnownFileType = image.png; path = mirinoUnpressedsmall.png; sourceTree = "<group>"; };
		20692C4E10430F5600F939D1 /* GpsAnnotation.h */ = {isa = PBXFileReference; fileEncoding = 4; lastKnownFileType = sourcecode.c.h; path = GpsAnnotation.h; sourceTree = "<group>"; };
		20692C4F10430F5600F939D1 /* GpsAnnotation.m */ = {isa = PBXFileReference; fileEncoding = 4; lastKnownFileType = sourcecode.c.objc; path = GpsAnnotation.m; sourceTree = "<group>"; };
		20692CD11043182E00F939D1 /* CarSmall.png */ = {isa = PBXFileReference; lastKnownFileType = image.png; path = CarSmall.png; sourceTree = "<group>"; };
		20692D011043229100F939D1 /* NaviCLLManager.h */ = {isa = PBXFileReference; fileEncoding = 4; lastKnownFileType = sourcecode.c.h; path = NaviCLLManager.h; sourceTree = "<group>"; };
		20692D021043229100F939D1 /* NaviCLLManager.m */ = {isa = PBXFileReference; fileEncoding = 4; lastKnownFileType = sourcecode.c.objc; path = NaviCLLManager.m; sourceTree = "<group>"; };
		206D57FD10266B73000D4AB3 /* autoVeloxMobile40.png */ = {isa = PBXFileReference; lastKnownFileType = image.png; path = autoVeloxMobile40.png; sourceTree = "<group>"; };
		206D57FF10266B7B000D4AB3 /* autoVeloxFisso40.png */ = {isa = PBXFileReference; lastKnownFileType = image.png; path = autoVeloxFisso40.png; sourceTree = "<group>"; };
		20753FD81049E93300F00662 /* Sicve_Inizio.csv */ = {isa = PBXFileReference; fileEncoding = 4; lastKnownFileType = text; path = Sicve_Inizio.csv; sourceTree = "<group>"; };
		20753FDA1049E94B00F00662 /* Sicve_Fine.csv */ = {isa = PBXFileReference; fileEncoding = 4; lastKnownFileType = text; path = Sicve_Fine.csv; sourceTree = "<group>"; };
		20754077104A010500F00662 /* tutorFineSmall.png */ = {isa = PBXFileReference; lastKnownFileType = image.png; path = tutorFineSmall.png; sourceTree = "<group>"; };
		20ADED651020E703007622BD /* ControlledAutovelox.h */ = {isa = PBXFileReference; fileEncoding = 4; lastKnownFileType = sourcecode.c.h; path = ControlledAutovelox.h; sourceTree = "<group>"; };
		20ADED661020E703007622BD /* ControlledAutovelox.m */ = {isa = PBXFileReference; fileEncoding = 4; lastKnownFileType = sourcecode.c.objc; path = ControlledAutovelox.m; sourceTree = "<group>"; };
		20B8F1441026764200FA4ED8 /* back.png */ = {isa = PBXFileReference; lastKnownFileType = image.png; path = back.png; sourceTree = "<group>"; };
		20C3BB2D101CA40400D0971E /* CoreLocation.framework */ = {isa = PBXFileReference; lastKnownFileType = wrapper.framework; name = CoreLocation.framework; path = /System/Library/Frameworks/CoreLocation.framework; sourceTree = "<absolute>"; };
		20C3BB75101CAFB900D0971E /* AutoVeloxViewController.h */ = {isa = PBXFileReference; fileEncoding = 4; lastKnownFileType = sourcecode.c.h; path = AutoVeloxViewController.h; sourceTree = "<group>"; };
		20C3BB76101CAFB900D0971E /* AutoVeloxViewController.m */ = {isa = PBXFileReference; fileEncoding = 4; lastKnownFileType = sourcecode.c.objc; path = AutoVeloxViewController.m; sourceTree = "<group>"; };
		20C3BB77101CAFB900D0971E /* BottomBarController.h */ = {isa = PBXFileReference; fileEncoding = 4; lastKnownFileType = sourcecode.c.h; path = BottomBarController.h; sourceTree = "<group>"; };
		20C3BB78101CAFB900D0971E /* BottomBarController.m */ = {isa = PBXFileReference; fileEncoding = 4; lastKnownFileType = sourcecode.c.objc; path = BottomBarController.m; sourceTree = "<group>"; };
		20C3BB79101CAFB900D0971E /* SetupTableViewController.h */ = {isa = PBXFileReference; fileEncoding = 4; lastKnownFileType = sourcecode.c.h; path = SetupTableViewController.h; sourceTree = "<group>"; };
		20C3BB7A101CAFB900D0971E /* SetupTableViewController.m */ = {isa = PBXFileReference; fileEncoding = 4; lastKnownFileType = sourcecode.c.objc; path = SetupTableViewController.m; sourceTree = "<group>"; };
		20D81B69101C4F5700FD75A7 /* Annotation.h */ = {isa = PBXFileReference; fileEncoding = 4; lastKnownFileType = sourcecode.c.h; name = Annotation.h; path = ../Annotation.h; sourceTree = "<group>"; };
		20D81B6A101C4F5700FD75A7 /* Annotation.m */ = {isa = PBXFileReference; fileEncoding = 4; lastKnownFileType = sourcecode.c.objc; name = Annotation.m; path = ../Annotation.m; sourceTree = "<group>"; };
		20D81B6C101C4F8800FD75A7 /* MapKit.framework */ = {isa = PBXFileReference; lastKnownFileType = wrapper.framework; name = MapKit.framework; path = System/Library/Frameworks/MapKit.framework; sourceTree = SDKROOT; };
		20D81B77101C506D00FD75A7 /* parseCSV.h */ = {isa = PBXFileReference; fileEncoding = 4; lastKnownFileType = sourcecode.c.h; path = parseCSV.h; sourceTree = "<group>"; };
		20D81B78101C506D00FD75A7 /* parseCSV.m */ = {isa = PBXFileReference; fileEncoding = 4; lastKnownFileType = sourcecode.c.objc; path = parseCSV.m; sourceTree = "<group>"; };
		20D81B79101C506D00FD75A7 /* AutoVeloxProViewController.h */ = {isa = PBXFileReference; fileEncoding = 4; lastKnownFileType = sourcecode.c.h; path = AutoVeloxProViewController.h; sourceTree = "<group>"; };
		20D81B7A101C506D00FD75A7 /* AutoVeloxProViewController.m */ = {isa = PBXFileReference; fileEncoding = 4; lastKnownFileType = sourcecode.c.objc; path = AutoVeloxProViewController.m; sourceTree = "<group>"; };
		20D81B7D101C50E800FD75A7 /* AutoveloxFissi.csv */ = {isa = PBXFileReference; fileEncoding = 4; lastKnownFileType = text; path = AutoveloxFissi.csv; sourceTree = "<group>"; };
		20D81B7E101C50E800FD75A7 /* AutoveloxMobili.csv */ = {isa = PBXFileReference; fileEncoding = 4; lastKnownFileType = text; path = AutoveloxMobili.csv; sourceTree = "<group>"; };
		20F1222D1067AC34000BE2A8 /* Ecopass.csv */ = {isa = PBXFileReference; fileEncoding = 4; lastKnownFileType = text; path = Ecopass.csv; sourceTree = "<group>"; };
		288765A40DF7441C002DB57D /* CoreGraphics.framework */ = {isa = PBXFileReference; lastKnownFileType = wrapper.framework; name = CoreGraphics.framework; path = System/Library/Frameworks/CoreGraphics.framework; sourceTree = SDKROOT; };
		28C3AD890F43EF2300507BA6 /* Autovelox2Pro.xcdatamodel */ = {isa = PBXFileReference; fileEncoding = 4; lastKnownFileType = wrapper.xcdatamodel; path = Autovelox2Pro.xcdatamodel; sourceTree = "<group>"; };
		28D801B30F44B63D00FB423F /* CoreData.framework */ = {isa = PBXFileReference; lastKnownFileType = wrapper.framework; name = CoreData.framework; path = System/Library/Frameworks/CoreData.framework; sourceTree = SDKROOT; };
		29B97316FDCFA39411CA2CEA /* main.m */ = {isa = PBXFileReference; fileEncoding = 4; lastKnownFileType = sourcecode.c.objc; path = main.m; sourceTree = "<group>"; };
		32CA4F630368D1EE00C91783 /* Autovelox2Pro_Prefix.pch */ = {isa = PBXFileReference; fileEncoding = 4; lastKnownFileType = sourcecode.c.h; path = Autovelox2Pro_Prefix.pch; sourceTree = "<group>"; };
		3D2F14D8104193CD00C75FDF /* divieto.png */ = {isa = PBXFileReference; lastKnownFileType = image.png; path = divieto.png; sourceTree = "<group>"; };
		3D2F15611041A08000C75FDF /* NormalDetailsView.h */ = {isa = PBXFileReference; fileEncoding = 4; lastKnownFileType = sourcecode.c.h; path = NormalDetailsView.h; sourceTree = "<group>"; };
		3D2F15621041A08000C75FDF /* NormalDetailsView.m */ = {isa = PBXFileReference; fileEncoding = 4; lastKnownFileType = sourcecode.c.objc; path = NormalDetailsView.m; sourceTree = "<group>"; };
		3D2F161B104296C200C75FDF /* TutorAlertDetailsView.h */ = {isa = PBXFileReference; fileEncoding = 4; lastKnownFileType = sourcecode.c.h; path = TutorAlertDetailsView.h; sourceTree = "<group>"; };
		3D2F161C104296C200C75FDF /* TutorAlertDetailsView.m */ = {isa = PBXFileReference; fileEncoding = 4; lastKnownFileType = sourcecode.c.objc; path = TutorAlertDetailsView.m; sourceTree = "<group>"; };
		3D2F161E10429BF800C75FDF /* AlertView.h */ = {isa = PBXFileReference; fileEncoding = 4; lastKnownFileType = sourcecode.c.h; path = AlertView.h; sourceTree = "<group>"; };
		3D2F161F10429BF800C75FDF /* AlertView.m */ = {isa = PBXFileReference; fileEncoding = 4; lastKnownFileType = sourcecode.c.objc; path = AlertView.m; sourceTree = "<group>"; };
		3D2F16BB1042E6E100C75FDF /* arrow.png */ = {isa = PBXFileReference; lastKnownFileType = image.png; path = arrow.png; sourceTree = "<group>"; };
		3D2F16C91042F22E00C75FDF /* gps_red.png */ = {isa = PBXFileReference; lastKnownFileType = image.png; path = gps_red.png; sourceTree = "<group>"; };
		3D2F16CA1042F22E00C75FDF /* gps_green.png */ = {isa = PBXFileReference; lastKnownFileType = image.png; path = gps_green.png; sourceTree = "<group>"; };
		3D2F16CB1042F22E00C75FDF /* gps_yellow.png */ = {isa = PBXFileReference; lastKnownFileType = image.png; path = gps_yellow.png; sourceTree = "<group>"; };
		3D3AC27D10483B9D00C99273 /* LoadDataView.h */ = {isa = PBXFileReference; fileEncoding = 4; lastKnownFileType = sourcecode.c.h; path = LoadDataView.h; sourceTree = "<group>"; };
		3D3AC27E10483B9D00C99273 /* LoadDataView.m */ = {isa = PBXFileReference; fileEncoding = 4; lastKnownFileType = sourcecode.c.objc; path = LoadDataView.m; sourceTree = "<group>"; };
		3D3AC358104876F700C99273 /* LoadDataViewController.h */ = {isa = PBXFileReference; fileEncoding = 4; lastKnownFileType = sourcecode.c.h; path = LoadDataViewController.h; sourceTree = "<group>"; };
		3D3AC359104876F700C99273 /* LoadDataViewController.m */ = {isa = PBXFileReference; fileEncoding = 4; lastKnownFileType = sourcecode.c.objc; path = LoadDataViewController.m; sourceTree = "<group>"; };
		3D3AC4A61048917600C99273 /* RootViewController.h */ = {isa = PBXFileReference; fileEncoding = 4; lastKnownFileType = sourcecode.c.h; path = RootViewController.h; sourceTree = "<group>"; };
		3D3AC4A71048917600C99273 /* RootViewController.m */ = {isa = PBXFileReference; fileEncoding = 4; lastKnownFileType = sourcecode.c.objc; path = RootViewController.m; sourceTree = "<group>"; };
		3D3AC7231048A55E00C99273 /* MainWindow.xib */ = {isa = PBXFileReference; lastKnownFileType = file.xib; path = MainWindow.xib; sourceTree = "<group>"; };
		3D954B27104BF67100A57A15 /* SoundAlert.h */ = {isa = PBXFileReference; fileEncoding = 4; lastKnownFileType = sourcecode.c.h; path = SoundAlert.h; sourceTree = "<group>"; };
		3D954B28104BF67100A57A15 /* SoundAlert.m */ = {isa = PBXFileReference; fileEncoding = 4; lastKnownFileType = sourcecode.c.objc; path = SoundAlert.m; sourceTree = "<group>"; };
		3D954B6D104BF90800A57A15 /* AudioToolbox.framework */ = {isa = PBXFileReference; lastKnownFileType = wrapper.framework; name = AudioToolbox.framework; path = System/Library/Frameworks/AudioToolbox.framework; sourceTree = SDKROOT; };
		3D954BA0104D621900A57A15 /* AVFoundation.framework */ = {isa = PBXFileReference; lastKnownFileType = wrapper.framework; name = AVFoundation.framework; path = System/Library/Frameworks/AVFoundation.framework; sourceTree = SDKROOT; };
		3D954C05104D6C2000A57A15 /* alarm_1.mp3 */ = {isa = PBXFileReference; lastKnownFileType = audio.mp3; path = alarm_1.mp3; sourceTree = "<group>"; };
		3DB4BA6D10499C98001141F8 /* HomeScreenItaly.png */ = {isa = PBXFileReference; lastKnownFileType = image.png; path = HomeScreenItaly.png; sourceTree = "<group>"; };
		3DB4BA9E10499F5A001141F8 /* CarSmallLeft.png */ = {isa = PBXFileReference; lastKnownFileType = image.png; path = CarSmallLeft.png; sourceTree = "<group>"; };
		3DB534BD10569DB9007A97CC /* tutorInizioSmall.png */ = {isa = PBXFileReference; lastKnownFileType = image.png; path = tutorInizioSmall.png; sourceTree = "<group>"; };
		8D1107310486CEB800E47090 /* Autovelox2Pro-Info.plist */ = {isa = PBXFileReference; fileEncoding = 4; lastKnownFileType = text.plist.xml; path = "Autovelox2Pro-Info.plist"; sourceTree = "<group>"; };
/* End PBXFileReference section */

/* Begin PBXFrameworksBuildPhase section */
		1D60588F0D05DD3D006BFB54 /* Frameworks */ = {
			isa = PBXFrameworksBuildPhase;
			buildActionMask = 2147483647;
			files = (
				1D60589F0D05DD5A006BFB54 /* Foundation.framework in Frameworks */,
				1DF5F4E00D08C38300B7A737 /* UIKit.framework in Frameworks */,
				288765A50DF7441C002DB57D /* CoreGraphics.framework in Frameworks */,
				28D801B40F44B63D00FB423F /* CoreData.framework in Frameworks */,
				20D81B6D101C4F8800FD75A7 /* MapKit.framework in Frameworks */,
				20C3BB2E101CA40400D0971E /* CoreLocation.framework in Frameworks */,
				3D954B6E104BF90800A57A15 /* AudioToolbox.framework in Frameworks */,
				3D954BA1104D621900A57A15 /* AVFoundation.framework in Frameworks */,
			);
			runOnlyForDeploymentPostprocessing = 0;
		};
/* End PBXFrameworksBuildPhase section */

/* Begin PBXGroup section */
		080E96DDFE201D6D7F000001 /* Classes */ = {
			isa = PBXGroup;
			children = (
				3D954B26104BF64900A57A15 /* AlertSound */,
				3D3AC23C10480E9500C99273 /* AlertView */,
				3D3AC27C10483B7B00C99273 /* Loading View */,
				3D3AC23F10480F0C00C99273 /* Data Management */,
				3D3AC24210480F4500C99273 /* Home */,
				3D3AC24710480F6F00C99273 /* Localizzation */,
				3D3AC24110480F3300C99273 /* Setup */,
				1D3623240D0F684500981E51 /* Autovelox2ProAppDelegate.h */,
				1D3623250D0F684500981E51 /* Autovelox2ProAppDelegate.m */,
			);
			path = Classes;
			sourceTree = "<group>";
		};
		19C28FACFE9D520D11CA2CBB /* Products */ = {
			isa = PBXGroup;
			children = (
				1D6058910D05DD3D006BFB54 /* Autovelox2Pro.app */,
			);
			name = Products;
			sourceTree = "<group>";
		};
		29B97314FDCFA39411CA2CEA /* CustomTemplate */ = {
			isa = PBXGroup;
			children = (
				080E96DDFE201D6D7F000001 /* Classes */,
				29B97315FDCFA39411CA2CEA /* Other Sources */,
				29B97317FDCFA39411CA2CEA /* Resources */,
				29B97323FDCFA39411CA2CEA /* Frameworks */,
				19C28FACFE9D520D11CA2CBB /* Products */,
				20D81B6C101C4F8800FD75A7 /* MapKit.framework */,
				20C3BB2D101CA40400D0971E /* CoreLocation.framework */,
			);
			name = CustomTemplate;
			sourceTree = "<group>";
		};
		29B97315FDCFA39411CA2CEA /* Other Sources */ = {
			isa = PBXGroup;
			children = (
				32CA4F630368D1EE00C91783 /* Autovelox2Pro_Prefix.pch */,
				29B97316FDCFA39411CA2CEA /* main.m */,
			);
			name = "Other Sources";
			sourceTree = "<group>";
		};
		29B97317FDCFA39411CA2CEA /* Resources */ = {
			isa = PBXGroup;
			children = (
				3D954C05104D6C2000A57A15 /* alarm_1.mp3 */,
				3D3AC7231048A55E00C99273 /* MainWindow.xib */,
				20754077104A010500F00662 /* tutorFineSmall.png */,
				3DB534BD10569DB9007A97CC /* tutorInizioSmall.png */,
				20692CD11043182E00F939D1 /* CarSmall.png */,
				20692C0C10429CD700F939D1 /* mirinoUnpressedsmall.png */,
				20F1222D1067AC34000BE2A8 /* Ecopass.csv */,
				2058867D102480E400B69A7A /* slideDown.png */,
				3D2F16C91042F22E00C75FDF /* gps_red.png */,
				3D2F16CA1042F22E00C75FDF /* gps_green.png */,
				3D2F16CB1042F22E00C75FDF /* gps_yellow.png */,
				206D57FD10266B73000D4AB3 /* autoVeloxMobile40.png */,
				3D2F16BB1042E6E100C75FDF /* arrow.png */,
				3D2F14D8104193CD00C75FDF /* divieto.png */,
				2058867E102480E400B69A7A /* slideUp.png */,
				206D57FF10266B7B000D4AB3 /* autoVeloxFisso40.png */,
				3DB4BA6D10499C98001141F8 /* HomeScreenItaly.png */,
				20B8F1441026764200FA4ED8 /* back.png */,
				2009C5AF10482EB00086E4FA /* icon2.png */,
				20D81B7D101C50E800FD75A7 /* AutoveloxFissi.csv */,
				20D81B7E101C50E800FD75A7 /* AutoveloxMobili.csv */,
				3DB4BA9E10499F5A001141F8 /* CarSmallLeft.png */,
				204A8DDA104F1814008A56DB /* cameraTutor.png */,
				20753FD81049E93300F00662 /* Sicve_Inizio.csv */,
				20753FDA1049E94B00F00662 /* Sicve_Fine.csv */,
				28C3AD890F43EF2300507BA6 /* Autovelox2Pro.xcdatamodel */,
				8D1107310486CEB800E47090 /* Autovelox2Pro-Info.plist */,
			);
			name = Resources;
			sourceTree = "<group>";
		};
		29B97323FDCFA39411CA2CEA /* Frameworks */ = {
			isa = PBXGroup;
			children = (
				3D954BA0104D621900A57A15 /* AVFoundation.framework */,
				3D954B6D104BF90800A57A15 /* AudioToolbox.framework */,
				1DF5F4DF0D08C38300B7A737 /* UIKit.framework */,
				1D30AB110D05D00D00671497 /* Foundation.framework */,
				288765A40DF7441C002DB57D /* CoreGraphics.framework */,
				28D801B30F44B63D00FB423F /* CoreData.framework */,
			);
			name = Frameworks;
			sourceTree = "<group>";
		};
		3D3AC23C10480E9500C99273 /* AlertView */ = {
			isa = PBXGroup;
			children = (
				3D2F161B104296C200C75FDF /* TutorAlertDetailsView.h */,
				3D2F161C104296C200C75FDF /* TutorAlertDetailsView.m */,
				3D2F161E10429BF800C75FDF /* AlertView.h */,
				3D2F161F10429BF800C75FDF /* AlertView.m */,
				3D2F15611041A08000C75FDF /* NormalDetailsView.h */,
				3D2F15621041A08000C75FDF /* NormalDetailsView.m */,
			);
			name = AlertView;
			sourceTree = "<group>";
		};
		3D3AC23E10480ED200C99273 /* Chart */ = {
			isa = PBXGroup;
			children = (
				20D81B79101C506D00FD75A7 /* AutoVeloxProViewController.h */,
				20D81B7A101C506D00FD75A7 /* AutoVeloxProViewController.m */,
				20D81B69101C4F5700FD75A7 /* Annotation.h */,
				20D81B6A101C4F5700FD75A7 /* Annotation.m */,
				20692C4E10430F5600F939D1 /* GpsAnnotation.h */,
				20692C4F10430F5600F939D1 /* GpsAnnotation.m */,
			);
			name = Chart;
			sourceTree = "<group>";
		};
		3D3AC23F10480F0C00C99273 /* Data Management */ = {
			isa = PBXGroup;
			children = (
				20D81B77101C506D00FD75A7 /* parseCSV.h */,
				20D81B78101C506D00FD75A7 /* parseCSV.m */,
			);
			name = "Data Management";
			sourceTree = "<group>";
		};
		3D3AC24110480F3300C99273 /* Setup */ = {
			isa = PBXGroup;
			children = (
				20C3BB79101CAFB900D0971E /* SetupTableViewController.h */,
				20C3BB7A101CAFB900D0971E /* SetupTableViewController.m */,
			);
			name = Setup;
			sourceTree = "<group>";
		};
		3D3AC24210480F4500C99273 /* Home */ = {
			isa = PBXGroup;
			children = (
				3D3AC23E10480ED200C99273 /* Chart */,
				20C3BB75101CAFB900D0971E /* AutoVeloxViewController.h */,
				20C3BB76101CAFB900D0971E /* AutoVeloxViewController.m */,
				20C3BB77101CAFB900D0971E /* BottomBarController.h */,
				20C3BB78101CAFB900D0971E /* BottomBarController.m */,
				20ADED651020E703007622BD /* ControlledAutovelox.h */,
				20ADED661020E703007622BD /* ControlledAutovelox.m */,
				3D3AC4A61048917600C99273 /* RootViewController.h */,
				3D3AC4A71048917600C99273 /* RootViewController.m */,
				204613671056C09100C1A5F4 /* ControlledTutor.h */,
				204613681056C09100C1A5F4 /* ControlledTutor.m */,
			);
			name = Home;
			sourceTree = "<group>";
		};
		3D3AC24710480F6F00C99273 /* Localizzation */ = {
			isa = PBXGroup;
			children = (
				20692D011043229100F939D1 /* NaviCLLManager.h */,
				20692D021043229100F939D1 /* NaviCLLManager.m */,
			);
			name = Localizzation;
			sourceTree = "<group>";
		};
		3D3AC27C10483B7B00C99273 /* Loading View */ = {
			isa = PBXGroup;
			children = (
				3D3AC27D10483B9D00C99273 /* LoadDataView.h */,
				3D3AC27E10483B9D00C99273 /* LoadDataView.m */,
				3D3AC358104876F700C99273 /* LoadDataViewController.h */,
				3D3AC359104876F700C99273 /* LoadDataViewController.m */,
			);
			name = "Loading View";
			sourceTree = "<group>";
		};
		3D954B26104BF64900A57A15 /* AlertSound */ = {
			isa = PBXGroup;
			children = (
				3D954B27104BF67100A57A15 /* SoundAlert.h */,
				3D954B28104BF67100A57A15 /* SoundAlert.m */,
			);
			name = AlertSound;
			sourceTree = "<group>";
		};
/* End PBXGroup section */

/* Begin PBXNativeTarget section */
		1D6058900D05DD3D006BFB54 /* Autovelox2Pro */ = {
			isa = PBXNativeTarget;
			buildConfigurationList = 1D6058960D05DD3E006BFB54 /* Build configuration list for PBXNativeTarget "Autovelox2Pro" */;
			buildPhases = (
				1D60588D0D05DD3D006BFB54 /* Resources */,
				1D60588E0D05DD3D006BFB54 /* Sources */,
				1D60588F0D05DD3D006BFB54 /* Frameworks */,
			);
			buildRules = (
			);
			dependencies = (
			);
			name = Autovelox2Pro;
			productName = Autovelox2Pro;
			productReference = 1D6058910D05DD3D006BFB54 /* Autovelox2Pro.app */;
			productType = "com.apple.product-type.application";
		};
/* End PBXNativeTarget section */

/* Begin PBXProject section */
		29B97313FDCFA39411CA2CEA /* Project object */ = {
			isa = PBXProject;
			buildConfigurationList = C01FCF4E08A954540054247B /* Build configuration list for PBXProject "Autovelox2Pro" */;
			compatibilityVersion = "Xcode 3.1";
			hasScannedForEncodings = 1;
			mainGroup = 29B97314FDCFA39411CA2CEA /* CustomTemplate */;
			projectDirPath = "";
			projectRoot = "";
			targets = (
				1D6058900D05DD3D006BFB54 /* Autovelox2Pro */,
			);
		};
/* End PBXProject section */

/* Begin PBXResourcesBuildPhase section */
		1D60588D0D05DD3D006BFB54 /* Resources */ = {
			isa = PBXResourcesBuildPhase;
			buildActionMask = 2147483647;
			files = (
				20D81B7F101C50E800FD75A7 /* AutoveloxFissi.csv in Resources */,
				20D81B80101C50E800FD75A7 /* AutoveloxMobili.csv in Resources */,
				2058867F102480E400B69A7A /* slideDown.png in Resources */,
				20588680102480E400B69A7A /* slideUp.png in Resources */,
				206D57FE10266B73000D4AB3 /* autoVeloxMobile40.png in Resources */,
				206D580010266B7B000D4AB3 /* autoVeloxFisso40.png in Resources */,
				20B8F1451026764200FA4ED8 /* back.png in Resources */,
				3D2F14D9104193CD00C75FDF /* divieto.png in Resources */,
				20692C0D10429CD700F939D1 /* mirinoUnpressedsmall.png in Resources */,
				20692CD21043182E00F939D1 /* CarSmall.png in Resources */,
				3D2F16BC1042E6E100C75FDF /* arrow.png in Resources */,
				3D2F16CC1042F22E00C75FDF /* gps_red.png in Resources */,
				3D2F16CD1042F22E00C75FDF /* gps_green.png in Resources */,
				3D2F16CE1042F22E00C75FDF /* gps_yellow.png in Resources */,
				2009C5B010482EB00086E4FA /* icon2.png in Resources */,
				3D3AC7241048A55E00C99273 /* MainWindow.xib in Resources */,
				20753FD91049E93300F00662 /* Sicve_Inizio.csv in Resources */,
				20753FDB1049E94B00F00662 /* Sicve_Fine.csv in Resources */,
				3DB4BA6E10499C98001141F8 /* HomeScreenItaly.png in Resources */,
				3DB4BA9F10499F5A001141F8 /* CarSmallLeft.png in Resources */,
				20754078104A010500F00662 /* tutorFineSmall.png in Resources */,
				3D954C06104D6C2000A57A15 /* alarm_1.mp3 in Resources */,
				204A8DDB104F1814008A56DB /* cameraTutor.png in Resources */,
				3DB534BE10569DB9007A97CC /* tutorInizioSmall.png in Resources */,
				20F1222E1067AC34000BE2A8 /* Ecopass.csv in Resources */,
			);
			runOnlyForDeploymentPostprocessing = 0;
		};
/* End PBXResourcesBuildPhase section */

/* Begin PBXSourcesBuildPhase section */
		1D60588E0D05DD3D006BFB54 /* Sources */ = {
			isa = PBXSourcesBuildPhase;
			buildActionMask = 2147483647;
			files = (
				1D60589B0D05DD56006BFB54 /* main.m in Sources */,
				1D3623260D0F684500981E51 /* Autovelox2ProAppDelegate.m in Sources */,
				28C3AD8A0F43EF2300507BA6 /* Autovelox2Pro.xcdatamodel in Sources */,
				20D81B6B101C4F5700FD75A7 /* Annotation.m in Sources */,
				20D81B7B101C506D00FD75A7 /* parseCSV.m in Sources */,
				20D81B7C101C506D00FD75A7 /* AutoVeloxProViewController.m in Sources */,
				20C3BB7B101CAFB900D0971E /* AutoVeloxViewController.m in Sources */,
				20C3BB7C101CAFB900D0971E /* BottomBarController.m in Sources */,
				20C3BB7D101CAFB900D0971E /* SetupTableViewController.m in Sources */,
				20ADED671020E703007622BD /* ControlledAutovelox.m in Sources */,
				3D2F15631041A08000C75FDF /* NormalDetailsView.m in Sources */,
				3D2F161D104296C200C75FDF /* TutorAlertDetailsView.m in Sources */,
				3D2F162010429BF800C75FDF /* AlertView.m in Sources */,
				20692C5010430F5600F939D1 /* GpsAnnotation.m in Sources */,
				20692D031043229100F939D1 /* NaviCLLManager.m in Sources */,
				3D3AC27F10483B9D00C99273 /* LoadDataView.m in Sources */,
				3D3AC35A104876F700C99273 /* LoadDataViewController.m in Sources */,
				3D3AC4A81048917600C99273 /* RootViewController.m in Sources */,
				3D954B29104BF67100A57A15 /* SoundAlert.m in Sources */,
				204613691056C09100C1A5F4 /* ControlledTutor.m in Sources */,
			);
			runOnlyForDeploymentPostprocessing = 0;
		};
/* End PBXSourcesBuildPhase section */

/* Begin XCBuildConfiguration section */
		1D6058940D05DD3E006BFB54 /* Debug */ = {
			isa = XCBuildConfiguration;
			buildSettings = {
				ALWAYS_SEARCH_USER_PATHS = NO;
				COPY_PHASE_STRIP = NO;
				FRAMEWORK_SEARCH_PATHS = (
					"$(inherited)",
					"\"/Volumes/Skiiing2/CD/ViewBased/Unknown Path/System/Library/Frameworks\"",
				);
				GCC_DYNAMIC_NO_PIC = NO;
				GCC_OPTIMIZATION_LEVEL = 0;
				GCC_PRECOMPILE_PREFIX_HEADER = YES;
				GCC_PREFIX_HEADER = Autovelox2Pro_Prefix.pch;
				INFOPLIST_FILE = "Autovelox2Pro-Info.plist";
				PRODUCT_NAME = Autovelox2Pro;
			};
			name = Debug;
		};
		1D6058950D05DD3E006BFB54 /* Release */ = {
			isa = XCBuildConfiguration;
			buildSettings = {
				ALWAYS_SEARCH_USER_PATHS = NO;
				COPY_PHASE_STRIP = YES;
				FRAMEWORK_SEARCH_PATHS = (
					"$(inherited)",
					"\"/Volumes/Skiiing2/CD/ViewBased/Unknown Path/System/Library/Frameworks\"",
				);
				GCC_PRECOMPILE_PREFIX_HEADER = YES;
				GCC_PREFIX_HEADER = Autovelox2Pro_Prefix.pch;
				INFOPLIST_FILE = "Autovelox2Pro-Info.plist";
				PRODUCT_NAME = Autovelox2Pro;
			};
			name = Release;
		};
		C01FCF4F08A954540054247B /* Debug */ = {
			isa = XCBuildConfiguration;
			buildSettings = {
				ARCHS = "$(ARCHS_STANDARD_32_BIT)";
				"CODE_SIGN_IDENTITY[sdk=iphoneos*]" = "iPhone Developer";
				GCC_C_LANGUAGE_STANDARD = c99;
				GCC_WARN_ABOUT_RETURN_TYPE = YES;
				GCC_WARN_UNUSED_VARIABLE = YES;
				PREBINDING = NO;
				SDKROOT = iphoneos3.0;
			};
			name = Debug;
		};
		C01FCF5008A954540054247B /* Release */ = {
			isa = XCBuildConfiguration;
			buildSettings = {
				ARCHS = "$(ARCHS_STANDARD_32_BIT)";
				"CODE_SIGN_IDENTITY[sdk=iphoneos*]" = "iPhone Developer";
				GCC_C_LANGUAGE_STANDARD = c99;
				GCC_WARN_ABOUT_RETURN_TYPE = YES;
				GCC_WARN_UNUSED_VARIABLE = YES;
				PREBINDING = NO;
				SDKROOT = iphoneos3.0;
			};
			name = Release;
		};
/* End XCBuildConfiguration section */

/* Begin XCConfigurationList section */
		1D6058960D05DD3E006BFB54 /* Build configuration list for PBXNativeTarget "Autovelox2Pro" */ = {
			isa = XCConfigurationList;
			buildConfigurations = (
				1D6058940D05DD3E006BFB54 /* Debug */,
				1D6058950D05DD3E006BFB54 /* Release */,
			);
			defaultConfigurationIsVisible = 0;
			defaultConfigurationName = Release;
		};
		C01FCF4E08A954540054247B /* Build configuration list for PBXProject "Autovelox2Pro" */ = {
			isa = XCConfigurationList;
			buildConfigurations = (
				C01FCF4F08A954540054247B /* Debug */,
				C01FCF5008A954540054247B /* Release */,
			);
			defaultConfigurationIsVisible = 0;
			defaultConfigurationName = Release;
		};
/* End XCConfigurationList section */
	};
	rootObject = 29B97313FDCFA39411CA2CEA /* Project object */;
}
